
Microsoft Visual Studio Solution File, Format Version 12.00
Project("{2150E333-8FDC-42A3-9474-1A3956D46DE8}") = "src", "src", "{D74568F3-84BE-429A-A6E2-409A026FA628}"
EndProject
Project("{2150E333-8FDC-42A3-9474-1A3956D46DE8}") = "AzureFunctions", "AzureFunctions", "{DAAA8276-7735-4980-9233-D072BFAA238E}"
EndProject
Project("{FAE04EC0-301F-11D3-BF4B-00C04F79EFBC}") = "MyFirstFunction", "src\AzureFunctions\MyFirstFunction\MyFirstFunction.csproj", "{8B64E95A-3D2A-47A1-9498-2D45E9BA516C}"
EndProject
Global
	GlobalSection(SolutionConfigurationPlatforms) = preSolution
		Debug|Any CPU = Debug|Any CPU
		Release|Any CPU = Release|Any CPU
	EndGlobalSection
	GlobalSection(NestedProjects) = preSolution
		{DAAA8276-7735-4980-9233-D072BFAA238E} = {D74568F3-84BE-429A-A6E2-409A026FA628}
		{8B64E95A-3D2A-47A1-9498-2D45E9BA516C} = {DAAA8276-7735-4980-9233-D072BFAA238E}
	EndGlobalSection
	GlobalSection(ProjectConfigurationPlatforms) = postSolution
		{8B64E95A-3D2A-47A1-9498-2D45E9BA516C}.Debug|Any CPU.ActiveCfg = Debug|Any CPU
		{8B64E95A-3D2A-47A1-9498-2D45E9BA516C}.Debug|Any CPU.Build.0 = Debug|Any CPU
		{8B64E95A-3D2A-47A1-9498-2D45E9BA516C}.Release|Any CPU.ActiveCfg = Release|Any CPU
		{8B64E95A-3D2A-47A1-9498-2D45E9BA516C}.Release|Any CPU.Build.0 = Release|Any CPU
	EndGlobalSection
EndGlobal
